// !$*UTF8*$!
{
	archiveVersion = 1;
	classes = {
	};
	objectVersion = 56;
	objects = {

/* Begin PBXBuildFile section */
		B001 /* BrewScanApp.swift */ = {isa = PBXBuildFile; fileRef = A001 /* BrewScanApp.swift */; };
		B002 /* ContentView.swift */ = {isa = PBXBuildFile; fileRef = A002 /* ContentView.swift */; };
		B003 /* Pod.swift */ = {isa = PBXBuildFile; fileRef = A003 /* Pod.swift */; };
		B004 /* Recipe.swift */ = {isa = PBXBuildFile; fileRef = A004 /* Recipe.swift */; };
		B005 /* PodDatabase.swift */ = {isa = PBXBuildFile; fileRef = A005 /* PodDatabase.swift */; };
		B006 /* OpenAIService.swift */ = {isa = PBXBuildFile; fileRef = A006 /* OpenAIService.swift */; };
		B007 /* Config.swift */ = {isa = PBXBuildFile; fileRef = A007 /* Config.swift */; };
		B008 /* ScannerView.swift */ = {isa = PBXBuildFile; fileRef = A008 /* ScannerView.swift */; };
		B009 /* CameraView.swift */ = {isa = PBXBuildFile; fileRef = A009 /* CameraView.swift */; };
		B010 /* ScanResultView.swift */ = {isa = PBXBuildFile; fileRef = A010 /* ScanResultView.swift */; };
		B011 /* CatalogView.swift */ = {isa = PBXBuildFile; fileRef = A011 /* CatalogView.swift */; };
		B012 /* PodDetailView.swift */ = {isa = PBXBuildFile; fileRef = A012 /* PodDetailView.swift */; };
		B013 /* RecipesView.swift */ = {isa = PBXBuildFile; fileRef = A013 /* RecipesView.swift */; };
		B014 /* RecipeDetailView.swift */ = {isa = PBXBuildFile; fileRef = A014 /* RecipeDetailView.swift */; };
		B015 /* ColorExtension.swift */ = {isa = PBXBuildFile; fileRef = A015 /* ColorExtension.swift */; };
		B016 /* pods.json */ = {isa = PBXBuildFile; fileRef = A016 /* pods.json */; };
		B017 /* recipes.json */ = {isa = PBXBuildFile; fileRef = A017 /* recipes.json */; };
		B018 /* AVFoundation.framework */ = {isa = PBXBuildFile; fileRef = A018 /* AVFoundation.framework */; };
/* End PBXBuildFile section */

/* Begin PBXFileReference section */
		A001 /* BrewScanApp.swift */ = {isa = PBXFileReference; lastKnownFileType = sourcecode.swift; path = BrewScanApp.swift; sourceTree = "<group>"; };
		A002 /* ContentView.swift */ = {isa = PBXFileReference; lastKnownFileType = sourcecode.swift; path = ContentView.swift; sourceTree = "<group>"; };
		A003 /* Pod.swift */ = {isa = PBXFileReference; lastKnownFileType = sourcecode.swift; path = Pod.swift; sourceTree = "<group>"; };
		A004 /* Recipe.swift */ = {isa = PBXFileReference; lastKnownFileType = sourcecode.swift; path = Recipe.swift; sourceTree = "<group>"; };
		A005 /* PodDatabase.swift */ = {isa = PBXFileReference; lastKnownFileType = sourcecode.swift; path = PodDatabase.swift; sourceTree = "<group>"; };
		A006 /* OpenAIService.swift */ = {isa = PBXFileReference; lastKnownFileType = sourcecode.swift; path = OpenAIService.swift; sourceTree = "<group>"; };
		A007 /* Config.swift */ = {isa = PBXFileReference; lastKnownFileType = sourcecode.swift; path = Config.swift; sourceTree = "<group>"; };
		A008 /* ScannerView.swift */ = {isa = PBXFileReference; lastKnownFileType = sourcecode.swift; path = ScannerView.swift; sourceTree = "<group>"; };
		A009 /* CameraView.swift */ = {isa = PBXFileReference; lastKnownFileType = sourcecode.swift; path = CameraView.swift; sourceTree = "<group>"; };
		A010 /* ScanResultView.swift */ = {isa = PBXFileReference; lastKnownFileType = sourcecode.swift; path = ScanResultView.swift; sourceTree = "<group>"; };
		A011 /* CatalogView.swift */ = {isa = PBXFileReference; lastKnownFileType = sourcecode.swift; path = CatalogView.swift; sourceTree = "<group>"; };
		A012 /* PodDetailView.swift */ = {isa = PBXFileReference; lastKnownFileType = sourcecode.swift; path = PodDetailView.swift; sourceTree = "<group>"; };
		A013 /* RecipesView.swift */ = {isa = PBXFileReference; lastKnownFileType = sourcecode.swift; path = RecipesView.swift; sourceTree = "<group>"; };
		A014 /* RecipeDetailView.swift */ = {isa = PBXFileReference; lastKnownFileType = sourcecode.swift; path = RecipeDetailView.swift; sourceTree = "<group>"; };
		A015 /* ColorExtension.swift */ = {isa = PBXFileReference; lastKnownFileType = sourcecode.swift; path = ColorExtension.swift; sourceTree = "<group>"; };
		A016 /* pods.json */ = {isa = PBXFileReference; lastKnownFileType = text.json; path = pods.json; sourceTree = "<group>"; };
		A017 /* recipes.json */ = {isa = PBXFileReference; lastKnownFileType = text.json; path = recipes.json; sourceTree = "<group>"; };
		A018 /* AVFoundation.framework */ = {isa = PBXFileReference; lastKnownFileType = wrapper.framework; name = AVFoundation.framework; path = System/Library/Frameworks/AVFoundation.framework; sourceTree = SDKROOT; };
		PROD /* BrewScan.app */ = {isa = PBXFileReference; explicitFileType = wrapper.application; includeInIndex = 0; path = BrewScan.app; sourceTree = BUILT_PRODUCTS_DIR; };
		PLIST /* Info.plist */ = {isa = PBXFileReference; lastKnownFileType = text.plist.xml; path = Info.plist; sourceTree = "<group>"; };
/* End PBXFileReference section */

/* Begin PBXFrameworksBuildPhase section */
		FW01 = {
			isa = PBXFrameworksBuildPhase;
			buildActionMask = 2147483647;
			files = (
				B018 /* AVFoundation.framework */,
			);
			runOnlyForDeploymentPostprocessing = 0;
		};
/* End PBXFrameworksBuildPhase section */

/* Begin PBXGroup section */
		ROOT = {
			isa = PBXGroup;
			children = (
				GRPAPP /* BrewScan */,
				GRPFWK /* Frameworks */,
				GRPPROD /* Products */,
			);
			sourceTree = "<group>";
		};
		GRPPROD = {
			isa = PBXGroup;
			children = (
				PROD /* BrewScan.app */,
			);
			name = Products;
			sourceTree = "<group>";
		};
		GRPFWK = {
			isa = PBXGroup;
			children = (
				A018 /* AVFoundation.framework */,
			);
			name = Frameworks;
			sourceTree = "<group>";
		};
		GRPAPP = {
			isa = PBXGroup;
			children = (
				GRPAPPDIR /* App */,
				GRPFEATURES /* Features */,
				GRPMODELS /* Models */,
				GRPSERVICES /* Services */,
				GRPEXT /* Extensions */,
				GRPRES /* Resources */,
				A007 /* Config.swift */,
				PLIST /* Info.plist */,
			);
			path = BrewScan;
			sourceTree = "<group>";
		};
		GRPAPPDIR = {
			isa = PBXGroup;
			children = (
				A001 /* BrewScanApp.swift */,
				A002 /* ContentView.swift */,
			);
			path = App;
			sourceTree = "<group>";
		};
		GRPFEATURES = {
			isa = PBXGroup;
			children = (
				GRPSCANNER /* Scanner */,
				GRPCATALOG /* Catalog */,
				GRPRECIPES /* Recipes */,
			);
			path = Features;
			sourceTree = "<group>";
		};
		GRPSCANNER = {
			isa = PBXGroup;
			children = (
				A008 /* ScannerView.swift */,
				A009 /* CameraView.swift */,
				A010 /* ScanResultView.swift */,
			);
			path = Scanner;
			sourceTree = "<group>";
		};
		GRPCATALOG = {
			isa = PBXGroup;
			children = (
				A011 /* CatalogView.swift */,
				A012 /* PodDetailView.swift */,
			);
			path = Catalog;
			sourceTree = "<group>";
		};
		GRPRECIPES = {
			isa = PBXGroup;
			children = (
				A013 /* RecipesView.swift */,
				A014 /* RecipeDetailView.swift */,
			);
			path = Recipes;
			sourceTree = "<group>";
		};
		GRPMODELS = {
			isa = PBXGroup;
			children = (
				A003 /* Pod.swift */,
				A004 /* Recipe.swift */,
			);
			path = Models;
			sourceTree = "<group>";
		};
		GRPSERVICES = {
			isa = PBXGroup;
			children = (
				A005 /* PodDatabase.swift */,
				A006 /* OpenAIService.swift */,
			);
			path = Services;
			sourceTree = "<group>";
		};
		GRPEXT = {
			isa = PBXGroup;
			children = (
				A015 /* ColorExtension.swift */,
			);
			path = Extensions;
			sourceTree = "<group>";
		};
		GRPRES = {
			isa = PBXGroup;
			children = (
				A016 /* pods.json */,
				A017 /* recipes.json */,
			);
			path = "../Resources";
			sourceTree = "<group>";
		};
/* End PBXGroup section */

/* Begin PBXNativeTarget section */
		TARGET = {
			isa = PBXNativeTarget;
			buildConfigurationList = CFGLIST;
			buildPhases = (
				SRC /* Sources */,
				FW01 /* Frameworks */,
				RES /* Resources */,
			);
			buildRules = (
			);
			dependencies = (
			);
			name = BrewScan;
			productName = BrewScan;
			productReference = PROD /* BrewScan.app */;
			productType = "com.apple.product-type.application";
		};
/* End PBXNativeTarget section */

/* Begin PBXProject section */
		PROJECT = {
			isa = PBXProject;
			attributes = {
				BuildIndependentTargetsInParallel = 1;
				LastSwiftUpdateCheck = 1500;
				LastUpgradeCheck = 1500;
				TargetAttributes = {
					TARGET = {
						CreatedOnToolsVersion = 15.0;
					};
				};
			};
			buildConfigurationList = PROJCFGLIST;
			compatibilityVersion = "Xcode 14.0";
			developmentRegion = en;
			hasScannedForEncodings = 0;
			knownRegions = (
				en,
				Base,
			);
			mainGroup = ROOT;
			productRefGroup = GRPPROD /* Products */;
			projectDirPath = "";
			projectRoot = "";
			targets = (
				TARGET /* BrewScan */,
			);
		};
/* End PBXProject section */

/* Begin PBXResourcesBuildPhase section */
		RES = {
			isa = PBXResourcesBuildPhase;
			buildActionMask = 2147483647;
			files = (
				B016 /* pods.json */,
				B017 /* recipes.json */,
			);
			runOnlyForDeploymentPostprocessing = 0;
		};
/* End PBXResourcesBuildPhase section */

/* Begin PBXSourcesBuildPhase section */
		SRC = {
			isa = PBXSourcesBuildPhase;
			buildActionMask = 2147483647;
			files = (
				B001 /* BrewScanApp.swift */,
				B002 /* ContentView.swift */,
				B003 /* Pod.swift */,
				B004 /* Recipe.swift */,
				B005 /* PodDatabase.swift */,
				B006 /* OpenAIService.swift */,
				B007 /* Config.swift */,
				B008 /* ScannerView.swift */,
				B009 /* CameraView.swift */,
				B010 /* ScanResultView.swift */,
				B011 /* CatalogView.swift */,
				B012 /* PodDetailView.swift */,
				B013 /* RecipesView.swift */,
				B014 /* RecipeDetailView.swift */,
				B015 /* ColorExtension.swift */,
			);
			runOnlyForDeploymentPostprocessing = 0;
		};
/* End PBXSourcesBuildPhase section */

/* Begin XCBuildConfiguration section */
		CFG_DEBUG = {
			isa = XCBuildConfiguration;
			buildSettings = {
				ALWAYS_SEARCH_USER_PATHS = NO;
				ASSETCATALOG_COMPILER_GENERATE_SWIFT_ASSET_SYMBOL_EXTENSIONS = YES;
				CLANG_ANALYZER_NONNULL = YES;
				CLANG_ANALYZER_NUMBER_OBJECT_CONVERSION = YES_AGGRESSIVE;
				CLANG_CXX_LANGUAGE_STANDARD = "gnu++20";
				CLANG_ENABLE_MODULES = YES;
				CLANG_ENABLE_OBJC_ARC = YES;
				CLANG_ENABLE_OBJC_WEAK = YES;
				CLANG_WARN_BLOCK_CAPTURE_AUTORELEASING = YES;
				CLANG_WARN_BOOL_CONVERSION = YES;
				CLANG_WARN_COMMA = YES;
				CLANG_WARN_CONSTANT_CONVERSION = YES;
				CLANG_WARN_DEPRECATED_OBJC_IMPLEMENTATIONS = YES;
				CLANG_WARN_DIRECT_OBJC_ISA_USAGE = YES_ERROR;
				CLANG_WARN_DOCUMENTATION_COMMENTS = YES;
				CLANG_WARN_EMPTY_BODY = YES;
				CLANG_WARN_ENUM_CONVERSION = YES;
				CLANG_WARN_INFINITE_RECURSION = YES;
				CLANG_WARN_INT_CONVERSION = YES;
				CLANG_WARN_NON_LITERAL_NULL_CONVERSION = YES;
				CLANG_WARN_OBJC_IMPLICIT_RETAIN_SELF = YES;
				CLANG_WARN_OBJC_LITERAL_CONVERSION = YES;
				CLANG_WARN_OBJC_ROOT_CLASS = YES_ERROR;
				CLANG_WARN_QUOTED_INCLUDE_IN_FRAMEWORK_HEADER = YES;
				CLANG_WARN_RANGE_LOOP_ANALYSIS = YES;
				CLANG_WARN_STRICT_PROTOTYPES = YES;
				CLANG_WARN_SUSPICIOUS_MOVE = YES;
				CLANG_WARN_UNGUARDED_AVAILABILITY = YES_AGGRESSIVE;
				CLANG_WARN_UNREACHABLE_CODE = YES;
				CLANG_WARN__DUPLICATE_METHOD_MATCH = YES;
				COPY_PHASE_STRIP = NO;
				DEBUG_INFORMATION_FORMAT = dwarf;
				ENABLE_STRICT_OBJC_MSGSEND = YES;
				ENABLE_TESTABILITY = YES;
				ENABLE_USER_SCRIPT_SANDBOXING = YES;
				GCC_C_LANGUAGE_STANDARD = gnu17;
				GCC_DYNAMIC_NO_PIC = NO;
				GCC_NO_COMMON_BLOCKS = YES;
				GCC_OPTIMIZATION_LEVEL = 0;
				GCC_PREPROCESSOR_DEFINITIONS = (
					"DEBUG=1",
					"$(inherited)",
				);
				GCC_WARN_64_TO_32_BIT_CONVERSION = YES;
				GCC_WARN_ABOUT_RETURN_TYPE = YES_ERROR;
				GCC_WARN_UNDECLARED_SELECTOR = YES;
				GCC_WARN_UNINITIALIZED_AUTOS = YES_AGGRESSIVE;
				GCC_WARN_UNUSED_FUNCTION = YES;
				GCC_WARN_UNUSED_VARIABLE = YES;
				IPHONEOS_DEPLOYMENT_TARGET = 16.0;
				MTL_ENABLE_DEBUG_INFO = INCLUDE_SOURCE;
				MTL_FAST_MATH = YES;
				ONLY_ACTIVE_ARCH = YES;
				SDKROOT = iphoneos;
				SWIFT_ACTIVE_COMPILATION_CONDITIONS = DEBUG;
				SWIFT_OPTIMIZATION_LEVEL = "-Onone";
			};
			name = Debug;
		};
		CFG_RELEASE = {
			isa = XCBuildConfiguration;
			buildSettings = {
				ALWAYS_SEARCH_USER_PATHS = NO;
				ASSETCATALOG_COMPILER_GENERATE_SWIFT_ASSET_SYMBOL_EXTENSIONS = YES;
				CLANG_ANALYZER_NONNULL = YES;
				CLANG_ANALYZER_NUMBER_OBJECT_CONVERSION = YES_AGGRESSIVE;
				CLANG_CXX_LANGUAGE_STANDARD = "gnu++20";
				CLANG_ENABLE_MODULES = YES;
				CLANG_ENABLE_OBJC_ARC = YES;
				CLANG_ENABLE_OBJC_WEAK = YES;
				CLANG_WARN_BLOCK_CAPTURE_AUTORELEASING = YES;
				CLANG_WARN_BOOL_CONVERSION = YES;
				CLANG_WARN_COMMA = YES;
				CLANG_WARN_CONSTANT_CONVERSION = YES;
				CLANG_WARN_DEPRECATED_OBJC_IMPLEMENTATIONS = YES;
				CLANG_WARN_DIRECT_OBJC_ISA_USAGE = YES_ERROR;
				CLANG_WARN_DOCUMENTATION_COMMENTS = YES;
				CLANG_WARN_EMPTY_BODY = YES;
				CLANG_WARN_ENUM_CONVERSION = YES;
				CLANG_WARN_INFINITE_RECURSION = YES;
				CLANG_WARN_INT_CONVERSION = YES;
				CLANG_WARN_NON_LITERAL_NULL_CONVERSION = YES;
				CLANG_WARN_OBJC_IMPLICIT_RETAIN_SELF = YES;
				CLANG_WARN_OBJC_LITERAL_CONVERSION = YES;
				CLANG_WARN_OBJC_ROOT_CLASS = YES_ERROR;
				CLANG_WARN_QUOTED_INCLUDE_IN_FRAMEWORK_HEADER = YES;
				CLANG_WARN_RANGE_LOOP_ANALYSIS = YES;
				CLANG_WARN_STRICT_PROTOTYPES = YES;
				CLANG_WARN_SUSPICIOUS_MOVE = YES;
				CLANG_WARN_UNGUARDED_AVAILABILITY = YES_AGGRESSIVE;
				CLANG_WARN_UNREACHABLE_CODE = YES;
				CLANG_WARN__DUPLICATE_METHOD_MATCH = YES;
				COPY_PHASE_STRIP = NO;
				DEBUG_INFORMATION_FORMAT = "dwarf-with-dsym";
				ENABLE_NS_ASSERTIONS = NO;
				ENABLE_STRICT_OBJC_MSGSEND = YES;
				ENABLE_USER_SCRIPT_SANDBOXING = YES;
				GCC_C_LANGUAGE_STANDARD = gnu17;
				GCC_NO_COMMON_BLOCKS = YES;
				GCC_WARN_64_TO_32_BIT_CONVERSION = YES;
				GCC_WARN_ABOUT_RETURN_TYPE = YES_ERROR;
				GCC_WARN_UNDECLARED_SELECTOR = YES;
				GCC_WARN_UNINITIALIZED_AUTOS = YES_AGGRESSIVE;
				GCC_WARN_UNUSED_FUNCTION = YES;
				GCC_WARN_UNUSED_VARIABLE = YES;
				IPHONEOS_DEPLOYMENT_TARGET = 16.0;
				MTL_FAST_MATH = YES;
				SDKROOT = iphoneos;
				SWIFT_COMPILATION_MODE = wholemodule;
				SWIFT_OPTIMIZATION_LEVEL = "-O";
				VALIDATE_PRODUCT = YES;
			};
			name = Release;
		};
		TCFG_DEBUG = {
			isa = XCBuildConfiguration;
			buildSettings = {
				ASSETCATALOG_COMPILER_APPICON_NAME = AppIcon;
				ASSETCATALOG_COMPILER_GLOBAL_ACCENT_COLOR_NAME = AccentColor;
				CODE_SIGN_STYLE = Automatic;
				CURRENT_PROJECT_VERSION = 1;
				DEVELOPMENT_TEAM = "";
				GENERATE_INFOPLIST_FILE = NO;
				INFOPLIST_FILE = BrewScan/Info.plist;
				IPHONEOS_DEPLOYMENT_TARGET = 16.0;
				LD_RUNPATH_SEARCH_PATHS = (
					"$(inherited)",
					"@executable_path/Frameworks",
				);
				MARKETING_VERSION = 1.0;
				PRODUCT_BUNDLE_IDENTIFIER = com.brewscan.app;
				PRODUCT_NAME = "$(TARGET_NAME)";
				SWIFT_EMIT_LOC_STRINGS = YES;
				SWIFT_VERSION = 5.0;
				TARGETED_DEVICE_FAMILY = 1;
			};
			name = Debug;
		};
		TCFG_RELEASE = {
			isa = XCBuildConfiguration;
			buildSettings = {
				ASSETCATALOG_COMPILER_APPICON_NAME = AppIcon;
				ASSETCATALOG_COMPILER_GLOBAL_ACCENT_COLOR_NAME = AccentColor;
				CODE_SIGN_STYLE = Automatic;
				CURRENT_PROJECT_VERSION = 1;
				DEVELOPMENT_TEAM = "";
				GENERATE_INFOPLIST_FILE = NO;
				INFOPLIST_FILE = BrewScan/Info.plist;
				IPHONEOS_DEPLOYMENT_TARGET = 16.0;
				LD_RUNPATH_SEARCH_PATHS = (
					"$(inherited)",
					"@executable_path/Frameworks",
				);
				MARKETING_VERSION = 1.0;
				PRODUCT_BUNDLE_IDENTIFIER = com.brewscan.app;
				PRODUCT_NAME = "$(TARGET_NAME)";
				SWIFT_EMIT_LOC_STRINGS = YES;
				SWIFT_VERSION = 5.0;
				TARGETED_DEVICE_FAMILY = 1;
			};
			name = Release;
		};
/* End XCBuildConfiguration section */

/* Begin XCConfigurationList section */
		PROJCFGLIST = {
			isa = XCConfigurationList;
			buildConfigurations = (
				CFG_DEBUG /* Debug */,
				CFG_RELEASE /* Release */,
			);
			defaultConfigurationIsVisible = 0;
			defaultConfigurationName = Release;
		};
		CFGLIST = {
			isa = XCConfigurationList;
			buildConfigurations = (
				TCFG_DEBUG /* Debug */,
				TCFG_RELEASE /* Release */,
			);
			defaultConfigurationIsVisible = 0;
			defaultConfigurationName = Release;
		};
/* End XCConfigurationList section */

	};
	rootObject = PROJECT /* Project object */;
}
